
Microsoft Visual Studio Solution File, Format Version 12.00
# Visual Studio Version 16
VisualStudioVersion = 16.0.32510.428
MinimumVisualStudioVersion = 10.0.40219.1
Project("{FAE04EC0-301F-11D3-BF4B-00C04F79EFBC}") = "DiretorioFuncionario", "DiretorioFuncionario\DiretorioFuncionario.csproj", "{F6D3EF2A-2C57-46A9-BA82-87F7A5B6486F}"
EndProject
Global
	GlobalSection(SolutionConfigurationPlatforms) = preSolution
		Debug|Any CPU = Debug|Any CPU
		Release|Any CPU = Release|Any CPU
	EndGlobalSection
	GlobalSection(ProjectConfigurationPlatforms) = postSolution
		{F6D3EF2A-2C57-46A9-BA82-87F7A5B6486F}.Debug|Any CPU.ActiveCfg = Debug|Any CPU
		{F6D3EF2A-2C57-46A9-BA82-87F7A5B6486F}.Debug|Any CPU.Build.0 = Debug|Any CPU
		{F6D3EF2A-2C57-46A9-BA82-87F7A5B6486F}.Release|Any CPU.ActiveCfg = Release|Any CPU
		{F6D3EF2A-2C57-46A9-BA82-87F7A5B6486F}.Release|Any CPU.Build.0 = Release|Any CPU
	EndGlobalSection
	GlobalSection(SolutionProperties) = preSolution
		HideSolutionNode = FALSE
	EndGlobalSection
	GlobalSection(ExtensibilityGlobals) = postSolution
		SolutionGuid = {04007474-815F-4411-BC14-7513E11BD41F}
	EndGlobalSection
EndGlobal
